
Microsoft Visual Studio Solution File, Format Version 12.00
# Visual Studio 15
VisualStudioVersion = 15.0.27703.2042
MinimumVisualStudioVersion = 10.0.40219.1
Project("{9A19103F-16F7-4668-BE54-9A1E7A4F7556}") = "CitySort.Service", "CitySort.Service\CitySort.Service.csproj", "{6304CB10-E559-4819-B296-078363B3DFB6}"
EndProject
Project("{2150E333-8FDC-42A3-9474-1A3956D46DE8}") = "Tests", "Tests", "{849F00DD-6C0E-4416-A8C4-138F41579D34}"
EndProject
Project("{FAE04EC0-301F-11D3-BF4B-00C04F79EFBC}") = "CitySortTests", "CitySortTests\CitySortTests.csproj", "{F926022F-BE66-48E1-A548-EDAEDC5F7F23}"
EndProject
Global
	GlobalSection(SolutionConfigurationPlatforms) = preSolution
		Debug|Any CPU = Debug|Any CPU
		Release|Any CPU = Release|Any CPU
	EndGlobalSection
	GlobalSection(ProjectConfigurationPlatforms) = postSolution
		{6304CB10-E559-4819-B296-078363B3DFB6}.Debug|Any CPU.ActiveCfg = Debug|Any CPU
		{6304CB10-E559-4819-B296-078363B3DFB6}.Debug|Any CPU.Build.0 = Debug|Any CPU
		{6304CB10-E559-4819-B296-078363B3DFB6}.Release|Any CPU.ActiveCfg = Release|Any CPU
		{6304CB10-E559-4819-B296-078363B3DFB6}.Release|Any CPU.Build.0 = Release|Any CPU
		{F926022F-BE66-48E1-A548-EDAEDC5F7F23}.Debug|Any CPU.ActiveCfg = Debug|Any CPU
		{F926022F-BE66-48E1-A548-EDAEDC5F7F23}.Debug|Any CPU.Build.0 = Debug|Any CPU
		{F926022F-BE66-48E1-A548-EDAEDC5F7F23}.Release|Any CPU.ActiveCfg = Release|Any CPU
		{F926022F-BE66-48E1-A548-EDAEDC5F7F23}.Release|Any CPU.Build.0 = Release|Any CPU
	EndGlobalSection
	GlobalSection(SolutionProperties) = preSolution
		HideSolutionNode = FALSE
	EndGlobalSection
	GlobalSection(NestedProjects) = preSolution
		{F926022F-BE66-48E1-A548-EDAEDC5F7F23} = {849F00DD-6C0E-4416-A8C4-138F41579D34}
	EndGlobalSection
	GlobalSection(ExtensibilityGlobals) = postSolution
		SolutionGuid = {FC5F57C4-9919-4D47-859C-E8D9EDE76C25}
	EndGlobalSection
EndGlobal
